github.com/TheTitanrain/w32 v0.0.0-20180517000239-4f5cfb03fabf h1:FPsprx82rdrX2jiKyS17BH6IrTmUBYqZa/CXT4uvb+I=
github.com/TheTitanrain/w32 v0.0.0-20180517000239-4f5cfb03fabf/go.mod h1:peYoMncQljjNS6tZwI9WVyQB3qZS6u79/N3mBOcnd3I=
github.com/akamensky/argparse v1.3.1 h1:kP6+OyvR0fuBH6UhbE6yh/nskrDEIQgEA1SUXDPjx4g=
github.com/akamensky/argparse v1.3.1/go.mod h1:S5kwC7IuDcEr5VeXtGPRVZ5o/FdhcMlQz4IZQuw64xA=
github.com/hajimehoshi/oto v1.0.1 h1:8AMnq0Yr2YmzaiqTg/k1Yzd6IygUGk2we9nmjgbgPn4=
github.com/hajimehoshi/oto v1.0.1/go.mod h1:wovJ8WWMfFKvP587mhHgot/MBr4DnNy9m6EepeVGnos=
github.com/sqweek/dialog v0.0.0-20211002065838-9a201b55ab91 h1:Ap4SC7+bIAFzh81vREQSElqYUtuxPgknVl1ol5rOf9w=
github.com/sqweek/dialog v0.0.0-20211002065838-9a201b55ab91/go.mod h1:/qNPSY91qTz/8TgHEMioAUc6q7+3SOybeKczHMXFcXw=
github.com/veandco/go-sdl2 v0.4.14 h1:ShagETHJG8NCWVn9rwfZ9WLIaN4c2maw3gfFH+9DlOg=
github.com/veandco/go-sdl2 v0.4.14/go.mod h1:OROqMhHD43nT4/i9crJukyVecjPNYYuCofep6SNiAjY=
golang.org/x/exp v0.0.0-20190306152737-a1d7652674e8 h1:idBdZTd9UioThJp8KpM/rTSinK/ChZFBE43/WtIy8zg=
golang.org/x/exp v0.0.0-20190306152737-a1d7652674e8/go.mod h1:CJ0aWSM057203Lf6IL+f9T1iT9GByDxfZKAQTCR3kQA=
golang.org/x/image v0.0.0-20190227222117-0694c2d4d067/go.mod h1:kZ7UVZpmo3dzQBMxlp+ypCbDeSB+sBbTgSJuh5dn5js=
golang.org/x/image v0.0.0-20190523035834-f03afa92d3ff h1:+2zgJKVDVAz/BWSsuniCmU1kLCjL88Z8/kv39xCI9NQ=
golang.org/x/image v0.0.0-20190523035834-f03afa92d3ff/go.mod h1:kZ7UVZpmo3dzQBMxlp+ypCbDeSB+sBbTgSJuh5dn5js=
golang.org/x/mobile v0.0.0-20190415191353-3e0bab5405d6 h1:vyLBGJPIl9ZYbcQFM2USFmJBK6KI+t+z6jL0lbwjrnc=
golang.org/x/mobile v0.0.0-20190415191353-3e0bab5405d6/go.mod h1:E/iHnbuqvinMTCcRqshq8CkpyQDoeVncDDYHnLhea+o=
golang.org/x/sys v0.0.0-20190312061237-fead79001313/go.mod h1:h1NjWce9XRLGQEsW7wpKNCjG9DtNlClVuFLEZdDNbEs=
golang.org/x/sys v0.0.0-20190429190828-d89cdac9e872 h1:cGjJzUd8RgBw428LXP65YXni0aiGNA4Bl+ls8SmLOm8=
golang.org/x/sys v0.0.0-20190429190828-d89cdac9e872/go.mod h1:h1NjWce9XRLGQEsW7wpKNCjG9DtNlClVuFLEZdDNbEs=
golang.org/x/text v0.3.0/go.mod h1:NqM8EUOU14njkJ3fqMW+pc6Ldnwhi/IjpwHt7yyuwOQ=
